github.com/kamalshkeir/kmap v1.1.4 h1:fvhMBz0DfqMlbGXjpfws+sRSxd6xtKawLgT34Gs3rbE=
github.com/kamalshkeir/kmap v1.1.4/go.mod h1:SLSllMqrhSTJtgYd14nXeFZ/shp9AY4t20YGCtlcziI=
github.com/kamalshkeir/kstrct v1.9.11 h1:YnJ6GiYKru/NGeX1TSC2PcPStYaz/4/j0KgAZKxjK64=
github.com/kamalshkeir/kstrct v1.9.11/go.mod h1:IwEFF8tcawA98RtrUKAiep0UX65zE4Z/zNNJfUYVyKk=
