github.com/kamalshkeir/kmap v1.1.4 h1:fvhMBz0DfqMlbGXjpfws+sRSxd6xtKawLgT34Gs3rbE=
github.com/kamalshkeir/kmap v1.1.4/go.mod h1:SLSllMqrhSTJtgYd14nXeFZ/shp9AY4t20YGCtlcziI=
github.com/kamalshkeir/kstrct v1.9.1 h1:Z8Oy6KiM0GXbJ/H2SH1jpjYE1cIyXyQ7G157F7cdzp0=
github.com/kamalshkeir/kstrct v1.9.1/go.mod h1:IwEFF8tcawA98RtrUKAiep0UX65zE4Z/zNNJfUYVyKk=
